PODS:
  - PanBaiduNetdiskSDKObjc (1.0.5)

DEPENDENCIES:
  - PanBaiduNetdiskSDKObjc

SPEC REPOS:
  https://github.com/CocoaPods/Specs.git:
    - PanBaiduNetdiskSDKObjc

SPEC CHECKSUMS:
  PanBaiduNetdiskSDKObjc: 4ffdb262e52faf566b232aae4763234d0d3dda78

PODFILE CHECKSUM: 0676784376913b54e32e3099fa3fa4074750054b

COCOAPODS: 1.11.3
